
Microsoft Visual Studio Solution File, Format Version 12.00
# Visual Studio Version 17
VisualStudioVersion = 17.10.35004.147
MinimumVisualStudioVersion = 10.0.40219.1
Project("{FAE04EC0-301F-11D3-BF4B-00C04F79EFBC}") = "sko.CarnivalProject", "CarnivalProject\sko.CarnivalProject.csproj", "{76AAAF31-531F-474C-BA10-11D6D2841DD4}"
EndProject
Global
	GlobalSection(SolutionConfigurationPlatforms) = preSolution
		Debug|Any CPU = Debug|Any CPU
		Release|Any CPU = Release|Any CPU
	EndGlobalSection
	GlobalSection(ProjectConfigurationPlatforms) = postSolution
		{76AAAF31-531F-474C-BA10-11D6D2841DD4}.Debug|Any CPU.ActiveCfg = Debug|Any CPU
		{76AAAF31-531F-474C-BA10-11D6D2841DD4}.Debug|Any CPU.Build.0 = Debug|Any CPU
		{76AAAF31-531F-474C-BA10-11D6D2841DD4}.Release|Any CPU.ActiveCfg = Release|Any CPU
		{76AAAF31-531F-474C-BA10-11D6D2841DD4}.Release|Any CPU.Build.0 = Release|Any CPU
	EndGlobalSection
	GlobalSection(SolutionProperties) = preSolution
		HideSolutionNode = FALSE
	EndGlobalSection
	GlobalSection(ExtensibilityGlobals) = postSolution
		SolutionGuid = {5AEB6F90-DEBC-4804-B1B1-47F9EB340B63}
	EndGlobalSection
EndGlobal
